hash: f5fddf06bd7fb7e60abe1716bb22968e6f34eeb0bc05cd024eb8451b2d6a38d9
updated: 2018-08-11T10:43:05.57955-04:00
imports:
- name: github.com/gin-contrib/sse
  version: 22d885f9ecc78bf4ee5d72b937e4bbcdc58e8cae
- name: github.com/gin-gonic/gin
  version: d459835d2b077e44f7c9b453505ee29881d5d12d
  subpackages:
  - binding
  - render
- name: github.com/globalsign/mgo
  version: 113d3961e7311526535a1ef7042196563d442761
  subpackages:
  - bson
  - internal/json
  - internal/sasl
  - internal/scram
- name: github.com/golang/protobuf
  version: 89a0c16f4dc2a70c0ed864d8ef64878f24fdaa51
  subpackages:
  - proto
- name: github.com/mattn/go-isatty
  version: 6ca4dbf54d38eea1a992b3c722a76a5d1c4cb25c
- name: github.com/ugorji/go
  version: e789f6e370bfe99ffc98f6fb5b450ff788d65599
  subpackages:
  - codec
- name: golang.org/x/crypto
  version: de0752318171da717af4ce24d0a2e8626afaeb11
  subpackages:
  - bcrypt
  - blowfish
- name: golang.org/x/sys
  version: 98c5dad5d1a0e8a73845ecc8897d0bd56586511d
  subpackages:
  - unix
- name: gopkg.in/go-playground/validator.v8
  version: 5f1438d3fca68893a817e4a66806cea46a9e4ebf
- name: gopkg.in/mgo.v2
  version: 9856a29383ce1c59f308dd1cf0363a79b5bef6b5
  subpackages:
  - bson
  - internal/json
  - internal/sasl
  - internal/scram
- name: gopkg.in/yaml.v2
  version: 5420a8b6744d3b0345ab293f6fcba19c978f1183
testImports: []
